
Microsoft Visual Studio Solution File, Format Version 12.00
# Visual Studio Version 17
VisualStudioVersion = 17.0.31903.59
MinimumVisualStudioVersion = 10.0.40219.1
Project("{FAE04EC0-301F-11D3-BF4B-00C04F79EFBC}") = "ApiGateway", "ApiGateway\ApiGateway.csproj", "{D7F49875-C572-42E5-B4A5-F479FB5C5CC2}"
EndProject
Project("{FAE04EC0-301F-11D3-BF4B-00C04F79EFBC}") = "ContractStudentService", "ContractStudentService\ContractStudentService.csproj", "{BBFA3442-BB75-43A9-BBD4-E8B0B21DEF5B}"
EndProject
Project("{FAE04EC0-301F-11D3-BF4B-00C04F79EFBC}") = "AuthService", "AuthService\AuthService.csproj", "{B41F645F-0060-4786-B646-095280F878BC}"
EndProject
Project("{FAE04EC0-301F-11D3-BF4B-00C04F79EFBC}") = "RoomService", "RoomService\RoomService.csproj", "{F21A5685-1960-4375-B0E9-229774D1436C}"
EndProject
Project("{FAE04EC0-301F-11D3-BF4B-00C04F79EFBC}") = "BillingService", "BillingService\BillingService.csproj", "{3C6DD72E-1DA6-446A-AD13-EC3549207159}"
EndProject
Global
	GlobalSection(SolutionConfigurationPlatforms) = preSolution
		Debug|Any CPU = Debug|Any CPU
		Debug|x64 = Debug|x64
		Debug|x86 = Debug|x86
		Release|Any CPU = Release|Any CPU
		Release|x64 = Release|x64
		Release|x86 = Release|x86
	EndGlobalSection
	GlobalSection(ProjectConfigurationPlatforms) = postSolution
		{D7F49875-C572-42E5-B4A5-F479FB5C5CC2}.Debug|Any CPU.ActiveCfg = Debug|Any CPU
		{D7F49875-C572-42E5-B4A5-F479FB5C5CC2}.Debug|Any CPU.Build.0 = Debug|Any CPU
		{D7F49875-C572-42E5-B4A5-F479FB5C5CC2}.Debug|x64.ActiveCfg = Debug|Any CPU
		{D7F49875-C572-42E5-B4A5-F479FB5C5CC2}.Debug|x64.Build.0 = Debug|Any CPU
		{D7F49875-C572-42E5-B4A5-F479FB5C5CC2}.Debug|x86.ActiveCfg = Debug|Any CPU
		{D7F49875-C572-42E5-B4A5-F479FB5C5CC2}.Debug|x86.Build.0 = Debug|Any CPU
		{D7F49875-C572-42E5-B4A5-F479FB5C5CC2}.Release|Any CPU.ActiveCfg = Release|Any CPU
		{D7F49875-C572-42E5-B4A5-F479FB5C5CC2}.Release|Any CPU.Build.0 = Release|Any CPU
		{D7F49875-C572-42E5-B4A5-F479FB5C5CC2}.Release|x64.ActiveCfg = Release|Any CPU
		{D7F49875-C572-42E5-B4A5-F479FB5C5CC2}.Release|x64.Build.0 = Release|Any CPU
		{D7F49875-C572-42E5-B4A5-F479FB5C5CC2}.Release|x86.ActiveCfg = Release|Any CPU
		{D7F49875-C572-42E5-B4A5-F479FB5C5CC2}.Release|x86.Build.0 = Release|Any CPU
		{BBFA3442-BB75-43A9-BBD4-E8B0B21DEF5B}.Debug|Any CPU.ActiveCfg = Debug|Any CPU
		{BBFA3442-BB75-43A9-BBD4-E8B0B21DEF5B}.Debug|Any CPU.Build.0 = Debug|Any CPU
		{BBFA3442-BB75-43A9-BBD4-E8B0B21DEF5B}.Debug|x64.ActiveCfg = Debug|Any CPU
		{BBFA3442-BB75-43A9-BBD4-E8B0B21DEF5B}.Debug|x64.Build.0 = Debug|Any CPU
		{BBFA3442-BB75-43A9-BBD4-E8B0B21DEF5B}.Debug|x86.ActiveCfg = Debug|Any CPU
		{BBFA3442-BB75-43A9-BBD4-E8B0B21DEF5B}.Debug|x86.Build.0 = Debug|Any CPU
		{BBFA3442-BB75-43A9-BBD4-E8B0B21DEF5B}.Release|Any CPU.ActiveCfg = Release|Any CPU
		{BBFA3442-BB75-43A9-BBD4-E8B0B21DEF5B}.Release|Any CPU.Build.0 = Release|Any CPU
		{BBFA3442-BB75-43A9-BBD4-E8B0B21DEF5B}.Release|x64.ActiveCfg = Release|Any CPU
		{BBFA3442-BB75-43A9-BBD4-E8B0B21DEF5B}.Release|x64.Build.0 = Release|Any CPU
		{BBFA3442-BB75-43A9-BBD4-E8B0B21DEF5B}.Release|x86.ActiveCfg = Release|Any CPU
		{BBFA3442-BB75-43A9-BBD4-E8B0B21DEF5B}.Release|x86.Build.0 = Release|Any CPU
		{B41F645F-0060-4786-B646-095280F878BC}.Debug|Any CPU.ActiveCfg = Debug|Any CPU
		{B41F645F-0060-4786-B646-095280F878BC}.Debug|Any CPU.Build.0 = Debug|Any CPU
		{B41F645F-0060-4786-B646-095280F878BC}.Debug|x64.ActiveCfg = Debug|Any CPU
		{B41F645F-0060-4786-B646-095280F878BC}.Debug|x64.Build.0 = Debug|Any CPU
		{B41F645F-0060-4786-B646-095280F878BC}.Debug|x86.ActiveCfg = Debug|Any CPU
		{B41F645F-0060-4786-B646-095280F878BC}.Debug|x86.Build.0 = Debug|Any CPU
		{B41F645F-0060-4786-B646-095280F878BC}.Release|Any CPU.ActiveCfg = Release|Any CPU
		{B41F645F-0060-4786-B646-095280F878BC}.Release|Any CPU.Build.0 = Release|Any CPU
		{B41F645F-0060-4786-B646-095280F878BC}.Release|x64.ActiveCfg = Release|Any CPU
		{B41F645F-0060-4786-B646-095280F878BC}.Release|x64.Build.0 = Release|Any CPU
		{B41F645F-0060-4786-B646-095280F878BC}.Release|x86.ActiveCfg = Release|Any CPU
		{B41F645F-0060-4786-B646-095280F878BC}.Release|x86.Build.0 = Release|Any CPU
		{F21A5685-1960-4375-B0E9-229774D1436C}.Debug|Any CPU.ActiveCfg = Debug|Any CPU
		{F21A5685-1960-4375-B0E9-229774D1436C}.Debug|Any CPU.Build.0 = Debug|Any CPU
		{F21A5685-1960-4375-B0E9-229774D1436C}.Debug|x64.ActiveCfg = Debug|Any CPU
		{F21A5685-1960-4375-B0E9-229774D1436C}.Debug|x64.Build.0 = Debug|Any CPU
		{F21A5685-1960-4375-B0E9-229774D1436C}.Debug|x86.ActiveCfg = Debug|Any CPU
		{F21A5685-1960-4375-B0E9-229774D1436C}.Debug|x86.Build.0 = Debug|Any CPU
		{F21A5685-1960-4375-B0E9-229774D1436C}.Release|Any CPU.ActiveCfg = Release|Any CPU
		{F21A5685-1960-4375-B0E9-229774D1436C}.Release|Any CPU.Build.0 = Release|Any CPU
		{F21A5685-1960-4375-B0E9-229774D1436C}.Release|x64.ActiveCfg = Release|Any CPU
		{F21A5685-1960-4375-B0E9-229774D1436C}.Release|x64.Build.0 = Release|Any CPU
		{F21A5685-1960-4375-B0E9-229774D1436C}.Release|x86.ActiveCfg = Release|Any CPU
		{F21A5685-1960-4375-B0E9-229774D1436C}.Release|x86.Build.0 = Release|Any CPU
		{3C6DD72E-1DA6-446A-AD13-EC3549207159}.Debug|Any CPU.ActiveCfg = Debug|Any CPU
		{3C6DD72E-1DA6-446A-AD13-EC3549207159}.Debug|Any CPU.Build.0 = Debug|Any CPU
		{3C6DD72E-1DA6-446A-AD13-EC3549207159}.Debug|x64.ActiveCfg = Debug|Any CPU
		{3C6DD72E-1DA6-446A-AD13-EC3549207159}.Debug|x64.Build.0 = Debug|Any CPU
		{3C6DD72E-1DA6-446A-AD13-EC3549207159}.Debug|x86.ActiveCfg = Debug|Any CPU
		{3C6DD72E-1DA6-446A-AD13-EC3549207159}.Debug|x86.Build.0 = Debug|Any CPU
		{3C6DD72E-1DA6-446A-AD13-EC3549207159}.Release|Any CPU.ActiveCfg = Release|Any CPU
		{3C6DD72E-1DA6-446A-AD13-EC3549207159}.Release|Any CPU.Build.0 = Release|Any CPU
		{3C6DD72E-1DA6-446A-AD13-EC3549207159}.Release|x64.ActiveCfg = Release|Any CPU
		{3C6DD72E-1DA6-446A-AD13-EC3549207159}.Release|x64.Build.0 = Release|Any CPU
		{3C6DD72E-1DA6-446A-AD13-EC3549207159}.Release|x86.ActiveCfg = Release|Any CPU
		{3C6DD72E-1DA6-446A-AD13-EC3549207159}.Release|x86.Build.0 = Release|Any CPU
	EndGlobalSection
	GlobalSection(SolutionProperties) = preSolution
		HideSolutionNode = FALSE
	EndGlobalSection
EndGlobal
